// !$*UTF8*$!
{
	archiveVersion = 1;
	classes = {
	};
	objectVersion = 50;
	objects = {

/* Begin PBXBuildFile section */
		677CF5F72398F6D00080ACE3 /* AppDelegate.m in Sources */ = {isa = PBXBuildFile; fileRef = 677CF5F62398F6D00080ACE3 /* AppDelegate.m */; };
		677CF5FA2398F6D00080ACE3 /* ViewController.m in Sources */ = {isa = PBXBuildFile; fileRef = 677CF5F92398F6D00080ACE3 /* ViewController.m */; };
		677CF5FD2398F6D00080ACE3 /* Main.storyboard in Resources */ = {isa = PBXBuildFile; fileRef = 677CF5FB2398F6D00080ACE3 /* Main.storyboard */; };
		677CF5FF2398F6D00080ACE3 /* Assets.xcassets in Resources */ = {isa = PBXBuildFile; fileRef = 677CF5FE2398F6D00080ACE3 /* Assets.xcassets */; };
		677CF6022398F6D00080ACE3 /* LaunchScreen.storyboard in Resources */ = {isa = PBXBuildFile; fileRef = 677CF6002398F6D00080ACE3 /* LaunchScreen.storyboard */; };
		677CF6052398F6D00080ACE3 /* main.m in Sources */ = {isa = PBXBuildFile; fileRef = 677CF6042398F6D00080ACE3 /* main.m */; };
		677CF60D2398F6E10080ACE3 /* RSAManager.m in Sources */ = {isa = PBXBuildFile; fileRef = 677CF60B2398F6E10080ACE3 /* RSAManager.m */; };
/* End PBXBuildFile section */

/* Begin PBXFileReference section */
		677CF5F22398F6D00080ACE3 /* RSA1024_ECB_PKCS1Padding.app */ = {isa = PBXFileReference; explicitFileType = wrapper.application; includeInIndex = 0; path = RSA1024_ECB_PKCS1Padding.app; sourceTree = BUILT_PRODUCTS_DIR; };
		677CF5F52398F6D00080ACE3 /* AppDelegate.h */ = {isa = PBXFileReference; lastKnownFileType = sourcecode.c.h; path = AppDelegate.h; sourceTree = "<group>"; };
		677CF5F62398F6D00080ACE3 /* AppDelegate.m */ = {isa = PBXFileReference; lastKnownFileType = sourcecode.c.objc; path = AppDelegate.m; sourceTree = "<group>"; };
		677CF5F82398F6D00080ACE3 /* ViewController.h */ = {isa = PBXFileReference; lastKnownFileType = sourcecode.c.h; path = ViewController.h; sourceTree = "<group>"; };
		677CF5F92398F6D00080ACE3 /* ViewController.m */ = {isa = PBXFileReference; lastKnownFileType = sourcecode.c.objc; path = ViewController.m; sourceTree = "<group>"; };
		677CF5FC2398F6D00080ACE3 /* Base */ = {isa = PBXFileReference; lastKnownFileType = file.storyboard; name = Base; path = Base.lproj/Main.storyboard; sourceTree = "<group>"; };
		677CF5FE2398F6D00080ACE3 /* Assets.xcassets */ = {isa = PBXFileReference; lastKnownFileType = folder.assetcatalog; path = Assets.xcassets; sourceTree = "<group>"; };
		677CF6012398F6D00080ACE3 /* Base */ = {isa = PBXFileReference; lastKnownFileType = file.storyboard; name = Base; path = Base.lproj/LaunchScreen.storyboard; sourceTree = "<group>"; };
		677CF6032398F6D00080ACE3 /* Info.plist */ = {isa = PBXFileReference; lastKnownFileType = text.plist.xml; path = Info.plist; sourceTree = "<group>"; };
		677CF6042398F6D00080ACE3 /* main.m */ = {isa = PBXFileReference; lastKnownFileType = sourcecode.c.objc; path = main.m; sourceTree = "<group>"; };
		677CF60B2398F6E10080ACE3 /* RSAManager.m */ = {isa = PBXFileReference; fileEncoding = 4; lastKnownFileType = sourcecode.c.objc; path = RSAManager.m; sourceTree = "<group>"; };
		677CF60C2398F6E10080ACE3 /* RSAManager.h */ = {isa = PBXFileReference; fileEncoding = 4; lastKnownFileType = sourcecode.c.h; path = RSAManager.h; sourceTree = "<group>"; };
/* End PBXFileReference section */

/* Begin PBXFrameworksBuildPhase section */
		677CF5EF2398F6D00080ACE3 /* Frameworks */ = {
			isa = PBXFrameworksBuildPhase;
			buildActionMask = 2147483647;
			files = (
			);
			runOnlyForDeploymentPostprocessing = 0;
		};
/* End PBXFrameworksBuildPhase section */

/* Begin PBXGroup section */
		677CF5E92398F6D00080ACE3 = {
			isa = PBXGroup;
			children = (
				677CF5F42398F6D00080ACE3 /* RSA1024_ECB_PKCS1Padding */,
				677CF5F32398F6D00080ACE3 /* Products */,
			);
			sourceTree = "<group>";
		};
		677CF5F32398F6D00080ACE3 /* Products */ = {
			isa = PBXGroup;
			children = (
				677CF5F22398F6D00080ACE3 /* RSA1024_ECB_PKCS1Padding.app */,
			);
			name = Products;
			sourceTree = "<group>";
		};
		677CF5F42398F6D00080ACE3 /* RSA1024_ECB_PKCS1Padding */ = {
			isa = PBXGroup;
			children = (
				677CF5F52398F6D00080ACE3 /* AppDelegate.h */,
				677CF5F62398F6D00080ACE3 /* AppDelegate.m */,
				677CF5F82398F6D00080ACE3 /* ViewController.h */,
				677CF5F92398F6D00080ACE3 /* ViewController.m */,
				677CF60C2398F6E10080ACE3 /* RSAManager.h */,
				677CF60B2398F6E10080ACE3 /* RSAManager.m */,
				677CF5FB2398F6D00080ACE3 /* Main.storyboard */,
				677CF5FE2398F6D00080ACE3 /* Assets.xcassets */,
				677CF6002398F6D00080ACE3 /* LaunchScreen.storyboard */,
				677CF6032398F6D00080ACE3 /* Info.plist */,
				677CF6042398F6D00080ACE3 /* main.m */,
			);
			path = RSA1024_ECB_PKCS1Padding;
			sourceTree = "<group>";
		};
/* End PBXGroup section */

/* Begin PBXNativeTarget section */
		677CF5F12398F6D00080ACE3 /* RSA1024_ECB_PKCS1Padding */ = {
			isa = PBXNativeTarget;
			buildConfigurationList = 677CF6082398F6D00080ACE3 /* Build configuration list for PBXNativeTarget "RSA1024_ECB_PKCS1Padding" */;
			buildPhases = (
				677CF5EE2398F6D00080ACE3 /* Sources */,
				677CF5EF2398F6D00080ACE3 /* Frameworks */,
				677CF5F02398F6D00080ACE3 /* Resources */,
			);
			buildRules = (
			);
			dependencies = (
			);
			name = RSA1024_ECB_PKCS1Padding;
			productName = RSA1024_ECB_PKCS1Padding;
			productReference = 677CF5F22398F6D00080ACE3 /* RSA1024_ECB_PKCS1Padding.app */;
			productType = "com.apple.product-type.application";
		};
/* End PBXNativeTarget section */

/* Begin PBXProject section */
		677CF5EA2398F6D00080ACE3 /* Project object */ = {
			isa = PBXProject;
			attributes = {
				LastUpgradeCheck = 1030;
				ORGANIZATIONNAME = syt;
				TargetAttributes = {
					677CF5F12398F6D00080ACE3 = {
						CreatedOnToolsVersion = 10.3;
					};
				};
			};
			buildConfigurationList = 677CF5ED2398F6D00080ACE3 /* Build configuration list for PBXProject "RSA1024_ECB_PKCS1Padding" */;
			compatibilityVersion = "Xcode 9.3";
			developmentRegion = en;
			hasScannedForEncodings = 0;
			knownRegions = (
				en,
				Base,
			);
			mainGroup = 677CF5E92398F6D00080ACE3;
			productRefGroup = 677CF5F32398F6D00080ACE3 /* Products */;
			projectDirPath = "";
			projectRoot = "";
			targets = (
				677CF5F12398F6D00080ACE3 /* RSA1024_ECB_PKCS1Padding */,
			);
		};
/* End PBXProject section */

/* Begin PBXResourcesBuildPhase section */
		677CF5F02398F6D00080ACE3 /* Resources */ = {
			isa = PBXResourcesBuildPhase;
			buildActionMask = 2147483647;
			files = (
				677CF6022398F6D00080ACE3 /* LaunchScreen.storyboard in Resources */,
				677CF5FF2398F6D00080ACE3 /* Assets.xcassets in Resources */,
				677CF5FD2398F6D00080ACE3 /* Main.storyboard in Resources */,
			);
			runOnlyForDeploymentPostprocessing = 0;
		};
/* End PBXResourcesBuildPhase section */

/* Begin PBXSourcesBuildPhase section */
		677CF5EE2398F6D00080ACE3 /* Sources */ = {
			isa = PBXSourcesBuildPhase;
			buildActionMask = 2147483647;
			files = (
				677CF60D2398F6E10080ACE3 /* RSAManager.m in Sources */,
				677CF5FA2398F6D00080ACE3 /* ViewController.m in Sources */,
				677CF6052398F6D00080ACE3 /* main.m in Sources */,
				677CF5F72398F6D00080ACE3 /* AppDelegate.m in Sources */,
			);
			runOnlyForDeploymentPostprocessing = 0;
		};
/* End PBXSourcesBuildPhase section */

/* Begin PBXVariantGroup section */
		677CF5FB2398F6D00080ACE3 /* Main.storyboard */ = {
			isa = PBXVariantGroup;
			children = (
				677CF5FC2398F6D00080ACE3 /* Base */,
			);
			name = Main.storyboard;
			sourceTree = "<group>";
		};
		677CF6002398F6D00080ACE3 /* LaunchScreen.storyboard */ = {
			isa = PBXVariantGroup;
			children = (
				677CF6012398F6D00080ACE3 /* Base */,
			);
			name = LaunchScreen.storyboard;
			sourceTree = "<group>";
		};
/* End PBXVariantGroup section */

/* Begin XCBuildConfiguration section */
		677CF6062398F6D00080ACE3 /* Debug */ = {
			isa = XCBuildConfiguration;
			buildSettings = {
				ALWAYS_SEARCH_USER_PATHS = NO;
				CLANG_ANALYZER_NONNULL = YES;
				CLANG_ANALYZER_NUMBER_OBJECT_CONVERSION = YES_AGGRESSIVE;
				CLANG_CXX_LANGUAGE_STANDARD = "gnu++14";
				CLANG_CXX_LIBRARY = "libc++";
				CLANG_ENABLE_MODULES = YES;
				CLANG_ENABLE_OBJC_ARC = YES;
				CLANG_ENABLE_OBJC_WEAK = YES;
				CLANG_WARN_BLOCK_CAPTURE_AUTORELEASING = YES;
				CLANG_WARN_BOOL_CONVERSION = YES;
				CLANG_WARN_COMMA = YES;
				CLANG_WARN_CONSTANT_CONVERSION = YES;
				CLANG_WARN_DEPRECATED_OBJC_IMPLEMENTATIONS = YES;
				CLANG_WARN_DIRECT_OBJC_ISA_USAGE = YES_ERROR;
				CLANG_WARN_DOCUMENTATION_COMMENTS = YES;
				CLANG_WARN_EMPTY_BODY = YES;
				CLANG_WARN_ENUM_CONVERSION = YES;
				CLANG_WARN_INFINITE_RECURSION = YES;
				CLANG_WARN_INT_CONVERSION = YES;
				CLANG_WARN_NON_LITERAL_NULL_CONVERSION = YES;
				CLANG_WARN_OBJC_IMPLICIT_RETAIN_SELF = YES;
				CLANG_WARN_OBJC_LITERAL_CONVERSION = YES;
				CLANG_WARN_OBJC_ROOT_CLASS = YES_ERROR;
				CLANG_WARN_RANGE_LOOP_ANALYSIS = YES;
				CLANG_WARN_STRICT_PROTOTYPES = YES;
				CLANG_WARN_SUSPICIOUS_MOVE = YES;
				CLANG_WARN_UNGUARDED_AVAILABILITY = YES_AGGRESSIVE;
				CLANG_WARN_UNREACHABLE_CODE = YES;
				CLANG_WARN__DUPLICATE_METHOD_MATCH = YES;
				CODE_SIGN_IDENTITY = "iPhone Developer";
				COPY_PHASE_STRIP = NO;
				DEBUG_INFORMATION_FORMAT = dwarf;
				ENABLE_STRICT_OBJC_MSGSEND = YES;
				ENABLE_TESTABILITY = YES;
				GCC_C_LANGUAGE_STANDARD = gnu11;
				GCC_DYNAMIC_NO_PIC = NO;
				GCC_NO_COMMON_BLOCKS = YES;
				GCC_OPTIMIZATION_LEVEL = 0;
				GCC_PREPROCESSOR_DEFINITIONS = (
					"DEBUG=1",
					"$(inherited)",
				);
				GCC_WARN_64_TO_32_BIT_CONVERSION = YES;
				GCC_WARN_ABOUT_RETURN_TYPE = YES_ERROR;
				GCC_WARN_UNDECLARED_SELECTOR = YES;
				GCC_WARN_UNINITIALIZED_AUTOS = YES_AGGRESSIVE;
				GCC_WARN_UNUSED_FUNCTION = YES;
				GCC_WARN_UNUSED_VARIABLE = YES;
				IPHONEOS_DEPLOYMENT_TARGET = 12.4;
				MTL_ENABLE_DEBUG_INFO = INCLUDE_SOURCE;
				MTL_FAST_MATH = YES;
				ONLY_ACTIVE_ARCH = YES;
				SDKROOT = iphoneos;
			};
			name = Debug;
		};
		677CF6072398F6D00080ACE3 /* Release */ = {
			isa = XCBuildConfiguration;
			buildSettings = {
				ALWAYS_SEARCH_USER_PATHS = NO;
				CLANG_ANALYZER_NONNULL = YES;
				CLANG_ANALYZER_NUMBER_OBJECT_CONVERSION = YES_AGGRESSIVE;
				CLANG_CXX_LANGUAGE_STANDARD = "gnu++14";
				CLANG_CXX_LIBRARY = "libc++";
				CLANG_ENABLE_MODULES = YES;
				CLANG_ENABLE_OBJC_ARC = YES;
				CLANG_ENABLE_OBJC_WEAK = YES;
				CLANG_WARN_BLOCK_CAPTURE_AUTORELEASING = YES;
				CLANG_WARN_BOOL_CONVERSION = YES;
				CLANG_WARN_COMMA = YES;
				CLANG_WARN_CONSTANT_CONVERSION = YES;
				CLANG_WARN_DEPRECATED_OBJC_IMPLEMENTATIONS = YES;
				CLANG_WARN_DIRECT_OBJC_ISA_USAGE = YES_ERROR;
				CLANG_WARN_DOCUMENTATION_COMMENTS = YES;
				CLANG_WARN_EMPTY_BODY = YES;
				CLANG_WARN_ENUM_CONVERSION = YES;
				CLANG_WARN_INFINITE_RECURSION = YES;
				CLANG_WARN_INT_CONVERSION = YES;
				CLANG_WARN_NON_LITERAL_NULL_CONVERSION = YES;
				CLANG_WARN_OBJC_IMPLICIT_RETAIN_SELF = YES;
				CLANG_WARN_OBJC_LITERAL_CONVERSION = YES;
				CLANG_WARN_OBJC_ROOT_CLASS = YES_ERROR;
				CLANG_WARN_RANGE_LOOP_ANALYSIS = YES;
				CLANG_WARN_STRICT_PROTOTYPES = YES;
				CLANG_WARN_SUSPICIOUS_MOVE = YES;
				CLANG_WARN_UNGUARDED_AVAILABILITY = YES_AGGRESSIVE;
				CLANG_WARN_UNREACHABLE_CODE = YES;
				CLANG_WARN__DUPLICATE_METHOD_MATCH = YES;
				CODE_SIGN_IDENTITY = "iPhone Developer";
				COPY_PHASE_STRIP = NO;
				DEBUG_INFORMATION_FORMAT = "dwarf-with-dsym";
				ENABLE_NS_ASSERTIONS = NO;
				ENABLE_STRICT_OBJC_MSGSEND = YES;
				GCC_C_LANGUAGE_STANDARD = gnu11;
				GCC_NO_COMMON_BLOCKS = YES;
				GCC_WARN_64_TO_32_BIT_CONVERSION = YES;
				GCC_WARN_ABOUT_RETURN_TYPE = YES_ERROR;
				GCC_WARN_UNDECLARED_SELECTOR = YES;
				GCC_WARN_UNINITIALIZED_AUTOS = YES_AGGRESSIVE;
				GCC_WARN_UNUSED_FUNCTION = YES;
				GCC_WARN_UNUSED_VARIABLE = YES;
				IPHONEOS_DEPLOYMENT_TARGET = 12.4;
				MTL_ENABLE_DEBUG_INFO = NO;
				MTL_FAST_MATH = YES;
				SDKROOT = iphoneos;
				VALIDATE_PRODUCT = YES;
			};
			name = Release;
		};
		677CF6092398F6D00080ACE3 /* Debug */ = {
			isa = XCBuildConfiguration;
			buildSettings = {
				ASSETCATALOG_COMPILER_APPICON_NAME = AppIcon;
				CODE_SIGN_STYLE = Automatic;
				INFOPLIST_FILE = RSA1024_ECB_PKCS1Padding/Info.plist;
				LD_RUNPATH_SEARCH_PATHS = (
					"$(inherited)",
					"@executable_path/Frameworks",
				);
				PRODUCT_BUNDLE_IDENTIFIER = "syt.RSA1024-ECB-PKCS1Padding";
				PRODUCT_NAME = "$(TARGET_NAME)";
				TARGETED_DEVICE_FAMILY = "1,2";
			};
			name = Debug;
		};
		677CF60A2398F6D00080ACE3 /* Release */ = {
			isa = XCBuildConfiguration;
			buildSettings = {
				ASSETCATALOG_COMPILER_APPICON_NAME = AppIcon;
				CODE_SIGN_STYLE = Automatic;
				INFOPLIST_FILE = RSA1024_ECB_PKCS1Padding/Info.plist;
				LD_RUNPATH_SEARCH_PATHS = (
					"$(inherited)",
					"@executable_path/Frameworks",
				);
				PRODUCT_BUNDLE_IDENTIFIER = "syt.RSA1024-ECB-PKCS1Padding";
				PRODUCT_NAME = "$(TARGET_NAME)";
				TARGETED_DEVICE_FAMILY = "1,2";
			};
			name = Release;
		};
/* End XCBuildConfiguration section */

/* Begin XCConfigurationList section */
		677CF5ED2398F6D00080ACE3 /* Build configuration list for PBXProject "RSA1024_ECB_PKCS1Padding" */ = {
			isa = XCConfigurationList;
			buildConfigurations = (
				677CF6062398F6D00080ACE3 /* Debug */,
				677CF6072398F6D00080ACE3 /* Release */,
			);
			defaultConfigurationIsVisible = 0;
			defaultConfigurationName = Release;
		};
		677CF6082398F6D00080ACE3 /* Build configuration list for PBXNativeTarget "RSA1024_ECB_PKCS1Padding" */ = {
			isa = XCConfigurationList;
			buildConfigurations = (
				677CF6092398F6D00080ACE3 /* Debug */,
				677CF60A2398F6D00080ACE3 /* Release */,
			);
			defaultConfigurationIsVisible = 0;
			defaultConfigurationName = Release;
		};
/* End XCConfigurationList section */
	};
	rootObject = 677CF5EA2398F6D00080ACE3 /* Project object */;
}
